PATH
  remote: .
  specs:
    msfrpc-client (1.1.1)
      msgpack (~> 1)

GEM
  remote: https://rubygems.org/
  specs:
    diff-lcs (1.6.2)
    msgpack (1.8.5)
    rspec (3.13.2)
      rspec-core (~> 3.13.0)
      rspec-expectations (~> 3.13.0)
      rspec-mocks (~> 3.13.0)
    rspec-core (3.13.6)
      rspec-support (~> 3.13.0)
    rspec-expectations (3.13.5)
      diff-lcs (>= 1.2.0, < 2.0)
      rspec-support (~> 3.13.0)
    rspec-mocks (3.13.8)
      diff-lcs (>= 1.2.0, < 2.0)
      rspec-support (~> 3.13.0)
    rspec-support (3.13.7)

PLATFORMS
  ruby
  x86_64-darwin-23

DEPENDENCIES
  msfrpc-client!
  rspec (~> 3)

BUNDLED WITH
   2.5.3
